# generated by rye
# use `rye lock` or `rye sync` to update this lockfile
#
# last locked with the following flags:
#   pre: false
#   features: []
#   all-features: false
#   with-sources: false
#   generate-hashes: false
#   universal: false

-e file:.
beautifulsoup4==4.13.4
    # via deepwiki-to-md
    # via markdownify
greenlet==3.2.2
    # via playwright
lxml==5.4.0
    # via deepwiki-to-md
markdownify==1.1.0
    # via deepwiki-to-md
playwright==1.52.0
    # via deepwiki-to-md
pyee==13.0.0
    # via playwright
six==1.17.0
    # via markdownify
soupsieve==2.7
    # via beautifulsoup4
typing-extensions==4.13.2
    # via beautifulsoup4
    # via pyee
